<?xml version="1.0" encoding="utf-8"?>
<Project ToolsVersion="4.0" xmlns="http://schemas.microsoft.com/developer/msbuild/2003">
  <ItemGroup>
    <Filter Include="Engine">
      <UniqueIdentifier>{aaaca01a-f679-4fcd-8d8f-3334c1ed9c3c}</UniqueIdentifier>
    </Filter>
    <Filter Include="Default">
      <UniqueIdentifier>{c47b7006-e6ea-4949-baec-c9868a2ba0c8}</UniqueIdentifier>
    </Filter>
    <Filter Include="Engine\01.Header">
      <UniqueIdentifier>{ca5f46b7-dad5-489c-9d17-7b68dd317af0}</UniqueIdentifier>
    </Filter>
    <Filter Include="Engine\02.Core">
      <UniqueIdentifier>{ac6712d8-b7ed-4729-ba3c-e859a7b10598}</UniqueIdentifier>
    </Filter>
    <Filter Include="Engine\03.Manager">
      <UniqueIdentifier>{80ce3254-f264-4e2f-9837-7820858ca04a}</UniqueIdentifier>
    </Filter>
    <Filter Include="Engine\06.Resource">
      <UniqueIdentifier>{8373e94a-0893-4fb8-9f70-35251efd2917}</UniqueIdentifier>
    </Filter>
    <Filter Include="Engine\06.Resource\01.Texture">
      <UniqueIdentifier>{0dcf733c-6053-495c-bcc1-1aa9a66efa97}</UniqueIdentifier>
    </Filter>
    <Filter Include="Engine\03.Manager\ResMgr">
      <UniqueIdentifier>{5cc250d7-c6e3-42f4-9bcd-77a01bf42a30}</UniqueIdentifier>
    </Filter>
    <Filter Include="Engine\03.Manager\PathMgr">
      <UniqueIdentifier>{db1dbb9a-2791-436b-bd2a-56f35cb12b93}</UniqueIdentifier>
    </Filter>
    <Filter Include="Engine\03.Manager\TimeMgr">
      <UniqueIdentifier>{c3c131d1-770f-4f3f-83f7-bf2d05cc628b}</UniqueIdentifier>
    </Filter>
    <Filter Include="Engine\03.Manager\KeyMgr">
      <UniqueIdentifier>{5342969e-2ce5-45fd-8b36-1b705ddcd0d2}</UniqueIdentifier>
    </Filter>
    <Filter Include="Engine\03.Manager\Camera">
      <UniqueIdentifier>{53dfbc83-0d76-413b-8c0c-65b2f2d385eb}</UniqueIdentifier>
    </Filter>
    <Filter Include="Engine\04.Object">
      <UniqueIdentifier>{a70b6886-324c-430a-86c2-14302dfbdf18}</UniqueIdentifier>
    </Filter>
    <Filter Include="Engine\07.Component">
      <UniqueIdentifier>{fc00b2dd-e4d6-4bdd-99ea-55c7f31f162c}</UniqueIdentifier>
    </Filter>
    <Filter Include="Engine\08.Module">
      <UniqueIdentifier>{3869e57b-dee8-4023-89ac-9643914bb313}</UniqueIdentifier>
    </Filter>
    <Filter Include="Engine\03.Manager\SceneMgr">
      <UniqueIdentifier>{2044c147-24ea-459c-af36-e73547b23c3f}</UniqueIdentifier>
    </Filter>
    <Filter Include="Engine\05.Scene">
      <UniqueIdentifier>{0a537baa-2eb1-417b-a773-6e3fbd48c366}</UniqueIdentifier>
    </Filter>
    <Filter Include="Engine\07.Component\01.Animator">
      <UniqueIdentifier>{0bb853fc-ceb6-400c-bafb-a336fbb7ffa3}</UniqueIdentifier>
    </Filter>
    <Filter Include="Engine\07.Component\01.Animator\Animation">
      <UniqueIdentifier>{09090468-086c-4038-a270-e133038e89e3}</UniqueIdentifier>
    </Filter>
    <Filter Include="Engine\03.Manager\EventMgr">
      <UniqueIdentifier>{56b2f4e6-4874-49b3-9b7a-5f3fbd4e92f1}</UniqueIdentifier>
    </Filter>
    <Filter Include="Engine\04.Object\UI">
      <UniqueIdentifier>{354c7415-a869-4f3b-99d5-e8076e6e26df}</UniqueIdentifier>
    </Filter>
    <Filter Include="Engine\03.Manager\UIMgr">
      <UniqueIdentifier>{d59437f4-ba4e-4fbc-9385-4a661e67cd30}</UniqueIdentifier>
    </Filter>
    <Filter Include="Engine\03.Manager\CollisionMgr">
      <UniqueIdentifier>{36e455ff-a57d-4edd-aa2d-2e4d2c8c0363}</UniqueIdentifier>
    </Filter>
    <Filter Include="Engine\03.Manager\SoundMgr">
      <UniqueIdentifier>{3975b4c3-7814-470a-84f8-d209f58266f7}</UniqueIdentifier>
    </Filter>
    <Filter Include="Engine\06.Resource\02.Sound">
      <UniqueIdentifier>{55509548-cf5f-4741-895e-f20e80dbd216}</UniqueIdentifier>
    </Filter>
    <Filter Include="Engine\09.Factory">
      <UniqueIdentifier>{21bcbec6-538c-452a-beb7-e56cfd250183}</UniqueIdentifier>
    </Filter>
    <Filter Include="Engine\08.Module\AI">
      <UniqueIdentifier>{0d664847-722b-40e9-a4ae-a245b8ec9abe}</UniqueIdentifier>
    </Filter>
    <Filter Include="Engine\08.Module\State">
      <UniqueIdentifier>{243bf307-6c14-4fe7-9caf-127b127cd9e3}</UniqueIdentifier>
    </Filter>
    <Filter Include="Engine\05.Scene\SceneList">
      <UniqueIdentifier>{76135bc2-7ef9-4d57-91f1-8a36b9bf483f}</UniqueIdentifier>
    </Filter>
    <Filter Include="Engine\04.Object\Objects">
      <UniqueIdentifier>{4db2c72f-0b5e-4c93-b85a-09bc45bf7e16}</UniqueIdentifier>
    </Filter>
    <Filter Include="Engine\04.Object\UI\UI_Module">
      <UniqueIdentifier>{98a87487-3a27-4092-ae8c-5115f2b4e6cd}</UniqueIdentifier>
    </Filter>
    <Filter Include="Engine\03.Manager\ViewMgr">
      <UniqueIdentifier>{6232dddf-8743-4664-b726-6f5e4124d163}</UniqueIdentifier>
    </Filter>
    <Filter Include="Engine\05.Scene\SceneList\Scene_Title">
      <UniqueIdentifier>{57417302-95cd-44c4-a3e7-b05d6f300b5c}</UniqueIdentifier>
    </Filter>
    <Filter Include="Engine\04.Object\UI\01. TitleSceneUI">
      <UniqueIdentifier>{f37af023-49f7-40c1-bc1c-3773ed64d043}</UniqueIdentifier>
    </Filter>
    <Filter Include="Engine\05.Scene\SceneList\Scene_Town">
      <UniqueIdentifier>{433fdf38-2ab9-4c16-8e22-f121794a2789}</UniqueIdentifier>
    </Filter>
    <Filter Include="Engine\04.Object\UI\02. TownSceneUI">
      <UniqueIdentifier>{48d079c0-13b0-4741-ad6b-c25b9c3928e7}</UniqueIdentifier>
    </Filter>
    <Filter Include="Engine\07.Component\03.Command">
      <UniqueIdentifier>{9d41fd9f-7466-42e7-ac5b-a527758c1793}</UniqueIdentifier>
    </Filter>
    <Filter Include="Engine\07.Component\03.Command\01. TitleSceneCom">
      <UniqueIdentifier>{deeb8e87-91f4-41e4-9ff8-ce10290b8435}</UniqueIdentifier>
    </Filter>
    <Filter Include="Engine\07.Component\03.Command\02. TownSceneCom">
      <UniqueIdentifier>{dac268ec-ecaa-4a6f-8e61-7b1db65e7243}</UniqueIdentifier>
    </Filter>
    <Filter Include="Engine\09.Factory\01.UIFactory">
      <UniqueIdentifier>{ee7ac429-ad45-428c-8231-2ce54aa01bf1}</UniqueIdentifier>
    </Filter>
    <Filter Include="Engine\10.DataModel">
      <UniqueIdentifier>{334d6e66-3ab0-4610-be88-7933fe96f20a}</UniqueIdentifier>
    </Filter>
    <Filter Include="Engine\10.DataModel\01.Hero">
      <UniqueIdentifier>{b55c1b75-d0c8-4ccd-b7f4-91bd190c82ac}</UniqueIdentifier>
    </Filter>
    <Filter Include="Engine\10.DataModel\03.Skill">
      <UniqueIdentifier>{ca5c31d0-134f-4d50-8bff-2163a2f5317a}</UniqueIdentifier>
    </Filter>
    <Filter Include="Engine\03.Manager\GameMgr">
      <UniqueIdentifier>{56c941ef-dfd4-485b-9a8d-8e643dd6d2ff}</UniqueIdentifier>
    </Filter>
    <Filter Include="Engine\05.Scene\SceneList\Scene_DSelect">
      <UniqueIdentifier>{80fa3dcc-9e2e-404e-9095-e5e9f610c0d1}</UniqueIdentifier>
    </Filter>
    <Filter Include="Engine\10.DataModel\04.item">
      <UniqueIdentifier>{3c5fe032-5a30-48d6-a55f-92cb09646a95}</UniqueIdentifier>
    </Filter>
    <Filter Include="Engine\10.DataModel\05.Quest">
      <UniqueIdentifier>{f0db8d4d-c7f5-4302-9ef5-8064323d8ecb}</UniqueIdentifier>
    </Filter>
    <Filter Include="Engine\07.Component\03.Command\99. Commoncom">
      <UniqueIdentifier>{53f95a06-391d-4b89-ba76-a77dce0e5705}</UniqueIdentifier>
    </Filter>
    <Filter Include="Engine\05.Scene\SceneList\Scene_Shop">
      <UniqueIdentifier>{4eed97a0-1b1d-487a-9a5d-373368ab0483}</UniqueIdentifier>
    </Filter>
    <Filter Include="Engine\05.Scene\SceneList\Scene_Droom">
      <UniqueIdentifier>{63d2184c-d809-45a9-b078-a933289fcda7}</UniqueIdentifier>
    </Filter>
    <Filter Include="Engine\07.Component\03.Command\04. ShopScenecom">
      <UniqueIdentifier>{8c1a110a-08c0-427f-9ea2-2b56d448b45b}</UniqueIdentifier>
    </Filter>
    <Filter Include="Engine\07.Component\03.Command\03. DSelectcom">
      <UniqueIdentifier>{c7641f6b-932f-4140-b434-5e45541f3345}</UniqueIdentifier>
    </Filter>
    <Filter Include="Engine\08.Module\State\DarkestStates">
      <UniqueIdentifier>{3618d91e-76d6-4933-a860-20cab2344f20}</UniqueIdentifier>
    </Filter>
    <Filter Include="Engine\10.DataModel\06.Dungeon">
      <UniqueIdentifier>{c152c05a-092c-48fb-b6db-ea79459ca219}</UniqueIdentifier>
    </Filter>
    <Filter Include="Engine\04.Object\UI\04. DungeonUI">
      <UniqueIdentifier>{dfc58e98-bce3-4a2c-a286-cf6cc05c8774}</UniqueIdentifier>
    </Filter>
    <Filter Include="Engine\07.Component\03.Command\05. DungeonCom">
      <UniqueIdentifier>{6b883686-19ce-4ea1-9181-6a43a137f0bd}</UniqueIdentifier>
    </Filter>
    <Filter Include="Engine\10.DataModel\02.Monster">
      <UniqueIdentifier>{9462e98b-d1c2-4179-a485-35c7dee84187}</UniqueIdentifier>
    </Filter>
    <Filter Include="Engine\10.DataModel\00.Common">
      <UniqueIdentifier>{01c8d96a-9e95-4da4-93ac-d35dafd23ae1}</UniqueIdentifier>
    </Filter>
    <Filter Include="Engine\10.DataModel\07.Map">
      <UniqueIdentifier>{aa3d85f2-0dce-4539-acdf-847ef03784ac}</UniqueIdentifier>
    </Filter>
    <Filter Include="Engine\05.Scene\SceneList\Scene_Path">
      <UniqueIdentifier>{71f92e11-e7ce-477a-8bd6-9c262b332b33}</UniqueIdentifier>
    </Filter>
    <Filter Include="Engine\04.Object\Objects\01.PathObj">
      <UniqueIdentifier>{0eb02ad5-c642-45d2-b496-0ed009ac5538}</UniqueIdentifier>
    </Filter>
    <Filter Include="Engine\04.Object\UI\05. MapUI">
      <UniqueIdentifier>{9e32d6c8-9ed5-411d-87bc-dc292c362be5}</UniqueIdentifier>
    </Filter>
    <Filter Include="Engine\07.Component\03.Command\06. MapCom">
      <UniqueIdentifier>{3c23bed2-87ff-4d00-bfd1-22600a03d94e}</UniqueIdentifier>
    </Filter>
    <Filter Include="Engine\07.Component\03.Command\07. PathCom">
      <UniqueIdentifier>{15250a55-3b54-46ff-b490-90665925ac11}</UniqueIdentifier>
    </Filter>
    <Filter Include="Engine\04.Object\UI\06. TorchUI">
      <UniqueIdentifier>{4736a300-69ef-49fe-8a4c-317b6b70b08f}</UniqueIdentifier>
    </Filter>
    <Filter Include="Engine\07.Component\03.Command\08. TorchCom">
      <UniqueIdentifier>{fd655e56-d262-40a4-88d8-95cba3ab1fcc}</UniqueIdentifier>
    </Filter>
    <Filter Include="Engine\10.DataModel\02.Monster\01. Boss">
      <UniqueIdentifier>{811bfe1c-c68b-4e78-8d1a-0a277a9a934e}</UniqueIdentifier>
    </Filter>
  </ItemGroup>
  <ItemGroup>
    <ClInclude Include="framework.h">
      <Filter>Default</Filter>
    </ClInclude>
    <ClInclude Include="Resource.h">
      <Filter>Default</Filter>
    </ClInclude>
    <ClInclude Include="targetver.h">
      <Filter>Default</Filter>
    </ClInclude>
    <ClInclude Include="WinGameEngine.h">
      <Filter>Default</Filter>
    </ClInclude>
    <ClInclude Include="stdafx.h">
      <Filter>Engine\01.Header</Filter>
    </ClInclude>
    <ClInclude Include="Core.h">
      <Filter>Engine\02.Core</Filter>
    </ClInclude>
    <ClInclude Include="define.h">
      <Filter>Engine\01.Header</Filter>
    </ClInclude>
    <ClInclude Include="struct.h">
      <Filter>Engine\01.Header</Filter>
    </ClInclude>
    <ClInclude Include="ResMgr.h">
      <Filter>Engine\03.Manager\ResMgr</Filter>
    </ClInclude>
    <ClInclude Include="Res.h">
      <Filter>Engine\06.Resource</Filter>
    </ClInclude>
    <ClInclude Include="Texture.h">
      <Filter>Engine\06.Resource\01.Texture</Filter>
    </ClInclude>
    <ClInclude Include="func.h">
      <Filter>Engine\01.Header</Filter>
    </ClInclude>
    <ClInclude Include="PathMgr.h">
      <Filter>Engine\03.Manager\PathMgr</Filter>
    </ClInclude>
    <ClInclude Include="TimeMgr.h">
      <Filter>Engine\03.Manager\TimeMgr</Filter>
    </ClInclude>
    <ClInclude Include="KeyMgr.h">
      <Filter>Engine\03.Manager\KeyMgr</Filter>
    </ClInclude>
    <ClInclude Include="Camera.h">
      <Filter>Engine\03.Manager\Camera</Filter>
    </ClInclude>
    <ClInclude Include="Object.h">
      <Filter>Engine\04.Object</Filter>
    </ClInclude>
    <ClInclude Include="Collider.h">
      <Filter>Engine\07.Component</Filter>
    </ClInclude>
    <ClInclude Include="SelectGDI.h">
      <Filter>Engine\08.Module</Filter>
    </ClInclude>
    <ClInclude Include="Animator.h">
      <Filter>Engine\07.Component\01.Animator</Filter>
    </ClInclude>
    <ClInclude Include="Animation.h">
      <Filter>Engine\07.Component\01.Animator\Animation</Filter>
    </ClInclude>
    <ClInclude Include="SceneMgr.h">
      <Filter>Engine\03.Manager\SceneMgr</Filter>
    </ClInclude>
    <ClInclude Include="EventMgr.h">
      <Filter>Engine\03.Manager\EventMgr</Filter>
    </ClInclude>
    <ClInclude Include="UIMgr.h">
      <Filter>Engine\03.Manager\UIMgr</Filter>
    </ClInclude>
    <ClInclude Include="UI.h">
      <Filter>Engine\04.Object\UI</Filter>
    </ClInclude>
    <ClInclude Include="CollisionMgr.h">
      <Filter>Engine\03.Manager\CollisionMgr</Filter>
    </ClInclude>
    <ClInclude Include="SoundMgr.h">
      <Filter>Engine\03.Manager\SoundMgr</Filter>
    </ClInclude>
    <ClInclude Include="Scene.h">
      <Filter>Engine\05.Scene</Filter>
    </ClInclude>
    <ClInclude Include="Sound.h">
      <Filter>Engine\06.Resource\02.Sound</Filter>
    </ClInclude>
    <ClInclude Include="Scene_Test.h">
      <Filter>Engine\05.Scene\SceneList</Filter>
    </ClInclude>
    <ClInclude Include="CRectangle.h">
      <Filter>Engine\04.Object\Objects</Filter>
    </ClInclude>
    <ClInclude Include="DivUI.h">
      <Filter>Engine\04.Object\UI</Filter>
    </ClInclude>
    <ClInclude Include="ImageModule.h">
      <Filter>Engine\04.Object\UI\UI_Module</Filter>
    </ClInclude>
    <ClInclude Include="ViewMgr.h">
      <Filter>Engine\03.Manager\ViewMgr</Filter>
    </ClInclude>
    <ClInclude Include="Mathf.h">
      <Filter>Engine\01.Header</Filter>
    </ClInclude>
    <ClInclude Include="AnimatorDK.h">
      <Filter>Engine\07.Component\01.Animator</Filter>
    </ClInclude>
    <ClInclude Include="AnimationDK.h">
      <Filter>Engine\07.Component\01.Animator\Animation</Filter>
    </ClInclude>
    <ClInclude Include="BtnMOver.h">
      <Filter>Engine\04.Object\UI\01. TitleSceneUI</Filter>
    </ClInclude>
    <ClInclude Include="TextModule.h">
      <Filter>Engine\04.Object\UI\UI_Module</Filter>
    </ClInclude>
    <ClInclude Include="Scene_Town.h">
      <Filter>Engine\05.Scene\SceneList\Scene_Town</Filter>
    </ClInclude>
    <ClInclude Include="BtnBuilding.h">
      <Filter>Engine\04.Object\UI\02. TownSceneUI</Filter>
    </ClInclude>
    <ClInclude Include="CCommand.h">
      <Filter>Engine\07.Component\03.Command</Filter>
    </ClInclude>
    <ClInclude Include="BuildingOverCom.h">
      <Filter>Engine\07.Component\03.Command\02. TownSceneCom</Filter>
    </ClInclude>
    <ClInclude Include="BuildingMouseOut.h">
      <Filter>Engine\07.Component\03.Command\02. TownSceneCom</Filter>
    </ClInclude>
    <ClInclude Include="UIFactory.h">
      <Filter>Engine\09.Factory\01.UIFactory</Filter>
    </ClInclude>
    <ClInclude Include="BtnOverCom.h">
      <Filter>Engine\07.Component\03.Command\02. TownSceneCom</Filter>
    </ClInclude>
    <ClInclude Include="BtnOutCom.h">
      <Filter>Engine\07.Component\03.Command\02. TownSceneCom</Filter>
    </ClInclude>
    <ClInclude Include="GameMgr.h">
      <Filter>Engine\03.Manager\GameMgr</Filter>
    </ClInclude>
    <ClInclude Include="CHero.h">
      <Filter>Engine\10.DataModel\01.Hero</Filter>
    </ClInclude>
    <ClInclude Include="CCrusader.h">
      <Filter>Engine\10.DataModel\01.Hero</Filter>
    </ClInclude>
    <ClInclude Include="CSkill.h">
      <Filter>Engine\10.DataModel\03.Skill</Filter>
    </ClInclude>
    <ClInclude Include="CHighwayMan.h">
      <Filter>Engine\10.DataModel\01.Hero</Filter>
    </ClInclude>
    <ClInclude Include="TitleBtnClickCom.h">
      <Filter>Engine\07.Component\03.Command\01. TitleSceneCom</Filter>
    </ClInclude>
    <ClInclude Include="Scene_DSelect.h">
      <Filter>Engine\05.Scene\SceneList\Scene_DSelect</Filter>
    </ClInclude>
    <ClInclude Include="Scene_Title.h">
      <Filter>Engine\05.Scene\SceneList\Scene_Town</Filter>
    </ClInclude>
    <ClInclude Include="CInvItem.h">
      <Filter>Engine\10.DataModel\04.item</Filter>
    </ClInclude>
    <ClInclude Include="CItem.h">
      <Filter>Engine\10.DataModel\04.item</Filter>
    </ClInclude>
    <ClInclude Include="CQuest.h">
      <Filter>Engine\10.DataModel\05.Quest</Filter>
    </ClInclude>
    <ClInclude Include="SlotUp.h">
      <Filter>Engine\07.Component\03.Command\99. Commoncom</Filter>
    </ClInclude>
    <ClInclude Include="SideNavUpdateVal.h">
      <Filter>Engine\07.Component\03.Command\99. Commoncom</Filter>
    </ClInclude>
    <ClInclude Include="SlotDown.h">
      <Filter>Engine\07.Component\03.Command\99. Commoncom</Filter>
    </ClInclude>
    <ClInclude Include="ShopItemOver.h">
      <Filter>Engine\07.Component\03.Command\04. ShopScenecom</Filter>
    </ClInclude>
    <ClInclude Include="ShopItemOut.h">
      <Filter>Engine\07.Component\03.Command\04. ShopScenecom</Filter>
    </ClInclude>
    <ClInclude Include="ShopItemClick.h">
      <Filter>Engine\07.Component\03.Command\04. ShopScenecom</Filter>
    </ClInclude>
    <ClInclude Include="ShopInvUpdateVal.h">
      <Filter>Engine\07.Component\03.Command\04. ShopScenecom</Filter>
    </ClInclude>
    <ClInclude Include="Scene_Shop.h">
      <Filter>Engine\05.Scene\SceneList\Scene_Shop</Filter>
    </ClInclude>
    <ClInclude Include="Scene_Droom.h">
      <Filter>Engine\05.Scene\SceneList\Scene_Droom</Filter>
    </ClInclude>
    <ClInclude Include="RadioBtnClickCom.h">
      <Filter>Engine\07.Component\03.Command\03. DSelectcom</Filter>
    </ClInclude>
    <ClInclude Include="InvItemClick.h">
      <Filter>Engine\07.Component\03.Command\99. Commoncom</Filter>
    </ClInclude>
    <ClInclude Include="InvItemDown.h">
      <Filter>Engine\07.Component\03.Command\99. Commoncom</Filter>
    </ClInclude>
    <ClInclude Include="InvItemUp.h">
      <Filter>Engine\07.Component\03.Command\99. Commoncom</Filter>
    </ClInclude>
    <ClInclude Include="ForwardBtnClick.h">
      <Filter>Engine\07.Component\03.Command\99. Commoncom</Filter>
    </ClInclude>
    <ClInclude Include="HeroBtnClick.h">
      <Filter>Engine\07.Component\03.Command\99. Commoncom</Filter>
    </ClInclude>
    <ClInclude Include="DRendererUp.h">
      <Filter>Engine\07.Component\03.Command\99. Commoncom</Filter>
    </ClInclude>
    <ClInclude Include="DarkestMachine.h">
      <Filter>Engine\08.Module\AI</Filter>
    </ClInclude>
    <ClInclude Include="CStMachine.h">
      <Filter>Engine\08.Module\AI</Filter>
    </ClInclude>
    <ClInclude Include="CState.h">
      <Filter>Engine\08.Module\State</Filter>
    </ClInclude>
    <ClInclude Include="CIdleState.h">
      <Filter>Engine\08.Module\State\DarkestStates</Filter>
    </ClInclude>
    <ClInclude Include="CDungeon.h">
      <Filter>Engine\10.DataModel\06.Dungeon</Filter>
    </ClInclude>
    <ClInclude Include="BottomNavUpdate.h">
      <Filter>Engine\07.Component\03.Command\99. Commoncom</Filter>
    </ClInclude>
    <ClInclude Include="CSquadDiv.h">
      <Filter>Engine\04.Object\UI\04. DungeonUI</Filter>
    </ClInclude>
    <ClInclude Include="CHeroDiv.h">
      <Filter>Engine\04.Object\UI\04. DungeonUI</Filter>
    </ClInclude>
    <ClInclude Include="CSelectedOverlay.h">
      <Filter>Engine\04.Object\UI\04. DungeonUI</Filter>
    </ClInclude>
    <ClInclude Include="MapBtnClick.h">
      <Filter>Engine\07.Component\03.Command\05. DungeonCom</Filter>
    </ClInclude>
    <ClInclude Include="InvBtnClick.h">
      <Filter>Engine\07.Component\03.Command\05. DungeonCom</Filter>
    </ClInclude>
    <ClInclude Include="MainLeftUpdateCom.h">
      <Filter>Engine\07.Component\03.Command\05. DungeonCom</Filter>
    </ClInclude>
    <ClInclude Include="HeroDivClick.h">
      <Filter>Engine\07.Component\03.Command\05. DungeonCom</Filter>
    </ClInclude>
    <ClInclude Include="CBStartState.h">
      <Filter>Engine\08.Module\State\DarkestStates</Filter>
    </ClInclude>
    <ClInclude Include="CWaitState.h">
      <Filter>Engine\08.Module\State\DarkestStates</Filter>
    </ClInclude>
    <ClInclude Include="CPlayerTurn.h">
      <Filter>Engine\08.Module\State\DarkestStates</Filter>
    </ClInclude>
    <ClInclude Include="CEnemyTurn.h">
      <Filter>Engine\08.Module\State\DarkestStates</Filter>
    </ClInclude>
    <ClInclude Include="CCutScene.h">
      <Filter>Engine\08.Module\State\DarkestStates</Filter>
    </ClInclude>
    <ClInclude Include="CDarkMonster.h">
      <Filter>Engine\10.DataModel\02.Monster</Filter>
    </ClInclude>
    <ClInclude Include="CTurnPlayer.h">
      <Filter>Engine\10.DataModel\00.Common</Filter>
    </ClInclude>
    <ClInclude Include="CBoneSoldier.h">
      <Filter>Engine\10.DataModel\02.Monster</Filter>
    </ClInclude>
    <ClInclude Include="CMonSquad.h">
      <Filter>Engine\04.Object\UI\04. DungeonUI</Filter>
    </ClInclude>
    <ClInclude Include="CMonDiv.h">
      <Filter>Engine\04.Object\UI\04. DungeonUI</Filter>
    </ClInclude>
    <ClInclude Include="SkillContainerUpdate.h">
      <Filter>Engine\07.Component\03.Command\05. DungeonCom</Filter>
    </ClInclude>
    <ClInclude Include="SkillOnclick.h">
      <Filter>Engine\07.Component\03.Command\05. DungeonCom</Filter>
    </ClInclude>
    <ClInclude Include="MonDivOnClick.h">
      <Filter>Engine\07.Component\03.Command\05. DungeonCom</Filter>
    </ClInclude>
    <ClInclude Include="CRestoreState.h">
      <Filter>Engine\08.Module\State\DarkestStates</Filter>
    </ClInclude>
    <ClInclude Include="CMonDead.h">
      <Filter>Engine\08.Module\State\DarkestStates</Filter>
    </ClInclude>
    <ClInclude Include="CMap.h">
      <Filter>Engine\10.DataModel\07.Map</Filter>
    </ClInclude>
    <ClInclude Include="CNode.h">
      <Filter>Engine\10.DataModel\07.Map</Filter>
    </ClInclude>
    <ClInclude Include="CPathNode.h">
      <Filter>Engine\10.DataModel\07.Map</Filter>
    </ClInclude>
    <ClInclude Include="CRoom.h">
      <Filter>Engine\10.DataModel\07.Map</Filter>
    </ClInclude>
    <ClInclude Include="Scene_Path.h">
      <Filter>Engine\05.Scene\SceneList\Scene_Path</Filter>
    </ClInclude>
    <ClInclude Include="CBattleTrigger.h">
      <Filter>Engine\04.Object\Objects\01.PathObj</Filter>
    </ClInclude>
    <ClInclude Include="CSquadCol.h">
      <Filter>Engine\04.Object\Objects\01.PathObj</Filter>
    </ClInclude>
    <ClInclude Include="DroomUI.h">
      <Filter>Engine\04.Object\UI\05. MapUI</Filter>
    </ClInclude>
    <ClInclude Include="DpathUI.h">
      <Filter>Engine\04.Object\UI\05. MapUI</Filter>
    </ClInclude>
    <ClInclude Include="RoomUIClick.h">
      <Filter>Engine\07.Component\03.Command\06. MapCom</Filter>
    </ClInclude>
    <ClInclude Include="CMoveTrigger.h">
      <Filter>Engine\04.Object\Objects\01.PathObj</Filter>
    </ClInclude>
    <ClInclude Include="DMapUI.h">
      <Filter>Engine\04.Object\UI\05. MapUI</Filter>
    </ClInclude>
    <ClInclude Include="DoorClick.h">
      <Filter>Engine\07.Component\03.Command\07. PathCom</Filter>
    </ClInclude>
    <ClInclude Include="HEffectDiv.h">
      <Filter>Engine\04.Object\UI\04. DungeonUI</Filter>
    </ClInclude>
    <ClInclude Include="MEffectDiv.h">
      <Filter>Engine\04.Object\UI\04. DungeonUI</Filter>
    </ClInclude>
    <ClInclude Include="DamageDiv.h">
      <Filter>Engine\04.Object\UI\04. DungeonUI</Filter>
    </ClInclude>
    <ClInclude Include="MonAtEffect.h">
      <Filter>Engine\04.Object\UI\04. DungeonUI</Filter>
    </ClInclude>
    <ClInclude Include="CBoneDefender.h">
      <Filter>Engine\10.DataModel\02.Monster</Filter>
    </ClInclude>
    <ClInclude Include="CBoneArbalist.h">
      <Filter>Engine\10.DataModel\02.Monster</Filter>
    </ClInclude>
    <ClInclude Include="HeroAtEffect.h">
      <Filter>Engine\04.Object\UI\04. DungeonUI</Filter>
    </ClInclude>
    <ClInclude Include="CBoneCourtier.h">
      <Filter>Engine\10.DataModel\02.Monster</Filter>
    </ClInclude>
    <ClInclude Include="TorchGazeUI.h">
      <Filter>Engine\04.Object\UI\06. TorchUI</Filter>
    </ClInclude>
    <ClInclude Include="TorchAnimUI.h">
      <Filter>Engine\04.Object\UI\06. TorchUI</Filter>
    </ClInclude>
    <ClInclude Include="TorchCom.h">
      <Filter>Engine\07.Component\03.Command\08. TorchCom</Filter>
    </ClInclude>
    <ClInclude Include="CDoctor.h">
      <Filter>Engine\10.DataModel\01.Hero</Filter>
    </ClInclude>
    <ClInclude Include="TorchClick.h">
      <Filter>Engine\04.Object\UI\06. TorchUI</Filter>
    </ClInclude>
    <ClInclude Include="CWoodS.h">
      <Filter>Engine\10.DataModel\02.Monster\01. Boss</Filter>
    </ClInclude>
    <ClInclude Include="CProphet.h">
      <Filter>Engine\10.DataModel\02.Monster\01. Boss</Filter>
    </ClInclude>
    <ClInclude Include="CBossTurn.h">
      <Filter>Engine\08.Module\State\DarkestStates</Filter>
    </ClInclude>
    <ClInclude Include="CWoodM.h">
      <Filter>Engine\10.DataModel\02.Monster\01. Boss</Filter>
    </ClInclude>
    <ClInclude Include="CWoodL.h">
      <Filter>Engine\10.DataModel\02.Monster\01. Boss</Filter>
    </ClInclude>
    <ClInclude Include="BuildingEnterCom.h">
      <Filter>Engine\07.Component\03.Command\02. TownSceneCom</Filter>
    </ClInclude>
    <ClInclude Include="ForwardBtnEnter.h">
      <Filter>Engine\07.Component\03.Command\02. TownSceneCom</Filter>
    </ClInclude>
  </ItemGroup>
  <ItemGroup>
    <Image Include="small.ico">
      <Filter>Default</Filter>
    </Image>
    <Image Include="WinGameEngine.ico">
      <Filter>Default</Filter>
    </Image>
  </ItemGroup>
  <ItemGroup>
    <ClCompile Include="main.cpp">
      <Filter>Engine</Filter>
    </ClCompile>
    <ClCompile Include="Core.cpp">
      <Filter>Engine\02.Core</Filter>
    </ClCompile>
    <ClCompile Include="ResMgr.cpp">
      <Filter>Engine\03.Manager\ResMgr</Filter>
    </ClCompile>
    <ClCompile Include="Res.cpp">
      <Filter>Engine\06.Resource</Filter>
    </ClCompile>
    <ClCompile Include="Texture.cpp">
      <Filter>Engine\06.Resource\01.Texture</Filter>
    </ClCompile>
    <ClCompile Include="func.cpp">
      <Filter>Engine\01.Header</Filter>
    </ClCompile>
    <ClCompile Include="PathMgr.cpp">
      <Filter>Engine\03.Manager\PathMgr</Filter>
    </ClCompile>
    <ClCompile Include="TimeMgr.cpp">
      <Filter>Engine\03.Manager\TimeMgr</Filter>
    </ClCompile>
    <ClCompile Include="KeyMgr.cpp">
      <Filter>Engine\03.Manager\KeyMgr</Filter>
    </ClCompile>
    <ClCompile Include="Camera.cpp">
      <Filter>Engine\03.Manager\Camera</Filter>
    </ClCompile>
    <ClCompile Include="Object.cpp">
      <Filter>Engine\04.Object</Filter>
    </ClCompile>
    <ClCompile Include="Collider.cpp">
      <Filter>Engine\07.Component</Filter>
    </ClCompile>
    <ClCompile Include="SelectGDI.cpp">
      <Filter>Engine\08.Module</Filter>
    </ClCompile>
    <ClCompile Include="Animator.cpp">
      <Filter>Engine\07.Component\01.Animator</Filter>
    </ClCompile>
    <ClCompile Include="Animation.cpp">
      <Filter>Engine\07.Component\01.Animator\Animation</Filter>
    </ClCompile>
    <ClCompile Include="SceneMgr.cpp">
      <Filter>Engine\03.Manager\SceneMgr</Filter>
    </ClCompile>
    <ClCompile Include="EventMgr.cpp">
      <Filter>Engine\03.Manager\EventMgr</Filter>
    </ClCompile>
    <ClCompile Include="UIMgr.cpp">
      <Filter>Engine\03.Manager\UIMgr</Filter>
    </ClCompile>
    <ClCompile Include="UI.cpp">
      <Filter>Engine\04.Object\UI</Filter>
    </ClCompile>
    <ClCompile Include="CollisionMgr.cpp">
      <Filter>Engine\03.Manager\CollisionMgr</Filter>
    </ClCompile>
    <ClCompile Include="SoundMgr.cpp">
      <Filter>Engine\03.Manager\SoundMgr</Filter>
    </ClCompile>
    <ClCompile Include="Scene.cpp">
      <Filter>Engine\05.Scene</Filter>
    </ClCompile>
    <ClCompile Include="Sound.cpp">
      <Filter>Engine\06.Resource\02.Sound</Filter>
    </ClCompile>
    <ClCompile Include="Scene_Test.cpp">
      <Filter>Engine\05.Scene\SceneList</Filter>
    </ClCompile>
    <ClCompile Include="CRectangle.cpp">
      <Filter>Engine\04.Object\Objects</Filter>
    </ClCompile>
    <ClCompile Include="DivUI.cpp">
      <Filter>Engine\04.Object\UI</Filter>
    </ClCompile>
    <ClCompile Include="ImageModule.cpp">
      <Filter>Engine\04.Object\UI\UI_Module</Filter>
    </ClCompile>
    <ClCompile Include="ViewMgr.cpp">
      <Filter>Engine\03.Manager\ViewMgr</Filter>
    </ClCompile>
    <ClCompile Include="Mathf.cpp">
      <Filter>Engine\01.Header</Filter>
    </ClCompile>
    <ClCompile Include="Scene_Title.cpp">
      <Filter>Engine\05.Scene\SceneList\Scene_Title</Filter>
    </ClCompile>
    <ClCompile Include="AnimatorDK.cpp">
      <Filter>Engine\07.Component\01.Animator</Filter>
    </ClCompile>
    <ClCompile Include="AnimationDK.cpp">
      <Filter>Engine\07.Component\01.Animator\Animation</Filter>
    </ClCompile>
    <ClCompile Include="BtnMOver.cpp">
      <Filter>Engine\04.Object\UI\01. TitleSceneUI</Filter>
    </ClCompile>
    <ClCompile Include="TextModule.cpp">
      <Filter>Engine\04.Object\UI\UI_Module</Filter>
    </ClCompile>
    <ClCompile Include="Scene_Town.cpp">
      <Filter>Engine\05.Scene\SceneList\Scene_Town</Filter>
    </ClCompile>
    <ClCompile Include="BtnBuilding.cpp">
      <Filter>Engine\04.Object\UI\02. TownSceneUI</Filter>
    </ClCompile>
    <ClCompile Include="CCommand.cpp">
      <Filter>Engine\07.Component\03.Command</Filter>
    </ClCompile>
    <ClCompile Include="BuildingOverCom.cpp">
      <Filter>Engine\07.Component\03.Command\02. TownSceneCom</Filter>
    </ClCompile>
    <ClCompile Include="BuildingMouseOut.cpp">
      <Filter>Engine\07.Component\03.Command\02. TownSceneCom</Filter>
    </ClCompile>
    <ClCompile Include="UIFactory.cpp">
      <Filter>Engine\09.Factory\01.UIFactory</Filter>
    </ClCompile>
    <ClCompile Include="BtnOverCom.cpp">
      <Filter>Engine\07.Component\03.Command\02. TownSceneCom</Filter>
    </ClCompile>
    <ClCompile Include="BtnOutCom.cpp">
      <Filter>Engine\07.Component\03.Command\02. TownSceneCom</Filter>
    </ClCompile>
    <ClCompile Include="GameMgr.cpp">
      <Filter>Engine\03.Manager\GameMgr</Filter>
    </ClCompile>
    <ClCompile Include="CHero.cpp">
      <Filter>Engine\10.DataModel\01.Hero</Filter>
    </ClCompile>
    <ClCompile Include="CCrusader.cpp">
      <Filter>Engine\10.DataModel\01.Hero</Filter>
    </ClCompile>
    <ClCompile Include="CSkill.cpp">
      <Filter>Engine\10.DataModel\03.Skill</Filter>
    </ClCompile>
    <ClCompile Include="CHighwayMan.cpp">
      <Filter>Engine\10.DataModel\01.Hero</Filter>
    </ClCompile>
    <ClCompile Include="TitleBtnClickCom.cpp">
      <Filter>Engine\07.Component\03.Command\01. TitleSceneCom</Filter>
    </ClCompile>
    <ClCompile Include="Scene_DSelect.cpp">
      <Filter>Engine\05.Scene\SceneList\Scene_DSelect</Filter>
    </ClCompile>
    <ClCompile Include="CInvItem.cpp">
      <Filter>Engine\10.DataModel\04.item</Filter>
    </ClCompile>
    <ClCompile Include="CItem.cpp">
      <Filter>Engine\10.DataModel\04.item</Filter>
    </ClCompile>
    <ClCompile Include="CQuest.cpp">
      <Filter>Engine\10.DataModel\05.Quest</Filter>
    </ClCompile>
    <ClCompile Include="SideNavUpdateVal.cpp">
      <Filter>Engine\07.Component\03.Command\99. Commoncom</Filter>
    </ClCompile>
    <ClCompile Include="SlotDown.cpp">
      <Filter>Engine\07.Component\03.Command\99. Commoncom</Filter>
    </ClCompile>
    <ClCompile Include="SlotUp.cpp">
      <Filter>Engine\07.Component\03.Command\99. Commoncom</Filter>
    </ClCompile>
    <ClCompile Include="ShopItemOver.cpp">
      <Filter>Engine\07.Component\03.Command\04. ShopScenecom</Filter>
    </ClCompile>
    <ClCompile Include="ShopItemOut.cpp">
      <Filter>Engine\07.Component\03.Command\04. ShopScenecom</Filter>
    </ClCompile>
    <ClCompile Include="ShopItemClick.cpp">
      <Filter>Engine\07.Component\03.Command\04. ShopScenecom</Filter>
    </ClCompile>
    <ClCompile Include="ShopInvUpdateVal.cpp">
      <Filter>Engine\07.Component\03.Command\04. ShopScenecom</Filter>
    </ClCompile>
    <ClCompile Include="Scene_Shop.cpp">
      <Filter>Engine\05.Scene\SceneList\Scene_Shop</Filter>
    </ClCompile>
    <ClCompile Include="Scene_Droom.cpp">
      <Filter>Engine\05.Scene\SceneList\Scene_Droom</Filter>
    </ClCompile>
    <ClCompile Include="RadioBtnClickCom.cpp">
      <Filter>Engine\07.Component\03.Command\03. DSelectcom</Filter>
    </ClCompile>
    <ClCompile Include="InvItemClick.cpp">
      <Filter>Engine\07.Component\03.Command\99. Commoncom</Filter>
    </ClCompile>
    <ClCompile Include="InvItemDown.cpp">
      <Filter>Engine\07.Component\03.Command\99. Commoncom</Filter>
    </ClCompile>
    <ClCompile Include="InvItemUp.cpp">
      <Filter>Engine\07.Component\03.Command\99. Commoncom</Filter>
    </ClCompile>
    <ClCompile Include="ForwardBtnClick.cpp">
      <Filter>Engine\07.Component\03.Command\99. Commoncom</Filter>
    </ClCompile>
    <ClCompile Include="HeroBtnClick.cpp">
      <Filter>Engine\07.Component\03.Command\99. Commoncom</Filter>
    </ClCompile>
    <ClCompile Include="DRendererUp.cpp">
      <Filter>Engine\07.Component\03.Command\99. Commoncom</Filter>
    </ClCompile>
    <ClCompile Include="DarkestMachine.cpp">
      <Filter>Engine\08.Module\AI</Filter>
    </ClCompile>
    <ClCompile Include="CStMachine.cpp">
      <Filter>Engine\08.Module\AI</Filter>
    </ClCompile>
    <ClCompile Include="CState.cpp">
      <Filter>Engine\08.Module\State</Filter>
    </ClCompile>
    <ClCompile Include="CIdleState.cpp">
      <Filter>Engine\08.Module\State\DarkestStates</Filter>
    </ClCompile>
    <ClCompile Include="CDungeon.cpp">
      <Filter>Engine\10.DataModel\06.Dungeon</Filter>
    </ClCompile>
    <ClCompile Include="BottomNavUpdate.cpp">
      <Filter>Engine\07.Component\03.Command\99. Commoncom</Filter>
    </ClCompile>
    <ClCompile Include="CHeroDiv.cpp">
      <Filter>Engine\04.Object\UI\04. DungeonUI</Filter>
    </ClCompile>
    <ClCompile Include="CSelectedOverlay.cpp">
      <Filter>Engine\04.Object\UI\04. DungeonUI</Filter>
    </ClCompile>
    <ClCompile Include="CSquadDiv.cpp">
      <Filter>Engine\04.Object\UI\04. DungeonUI</Filter>
    </ClCompile>
    <ClCompile Include="MapBtnClick.cpp">
      <Filter>Engine\07.Component\03.Command\05. DungeonCom</Filter>
    </ClCompile>
    <ClCompile Include="InvBtnClick.cpp">
      <Filter>Engine\07.Component\03.Command\05. DungeonCom</Filter>
    </ClCompile>
    <ClCompile Include="MainLeftUpdateCom.cpp">
      <Filter>Engine\07.Component\03.Command\05. DungeonCom</Filter>
    </ClCompile>
    <ClCompile Include="HeroDivClick.cpp">
      <Filter>Engine\07.Component\03.Command\05. DungeonCom</Filter>
    </ClCompile>
    <ClCompile Include="CBStartState.cpp">
      <Filter>Engine\08.Module\State\DarkestStates</Filter>
    </ClCompile>
    <ClCompile Include="CWaitState.cpp">
      <Filter>Engine\08.Module\State\DarkestStates</Filter>
    </ClCompile>
    <ClCompile Include="CPlayerTurn.cpp">
      <Filter>Engine\08.Module\State\DarkestStates</Filter>
    </ClCompile>
    <ClCompile Include="CEnemyTurn.cpp">
      <Filter>Engine\08.Module\State\DarkestStates</Filter>
    </ClCompile>
    <ClCompile Include="CCutScene.cpp">
      <Filter>Engine\08.Module\State\DarkestStates</Filter>
    </ClCompile>
    <ClCompile Include="CDarkMonster.cpp">
      <Filter>Engine\10.DataModel\02.Monster</Filter>
    </ClCompile>
    <ClCompile Include="CTurnPlayer.cpp">
      <Filter>Engine\10.DataModel\00.Common</Filter>
    </ClCompile>
    <ClCompile Include="CBoneSoldier.cpp">
      <Filter>Engine\10.DataModel\02.Monster</Filter>
    </ClCompile>
    <ClCompile Include="CMonSquad.cpp">
      <Filter>Engine\04.Object\UI\04. DungeonUI</Filter>
    </ClCompile>
    <ClCompile Include="CMonDiv.cpp">
      <Filter>Engine\04.Object\UI\04. DungeonUI</Filter>
    </ClCompile>
    <ClCompile Include="SkillContainerUpdate.cpp">
      <Filter>Engine\07.Component\03.Command\05. DungeonCom</Filter>
    </ClCompile>
    <ClCompile Include="SkillOnclick.cpp">
      <Filter>Engine\07.Component\03.Command\05. DungeonCom</Filter>
    </ClCompile>
    <ClCompile Include="MonDivOnClick.cpp">
      <Filter>Engine\07.Component\03.Command\05. DungeonCom</Filter>
    </ClCompile>
    <ClCompile Include="CRestoreState.cpp">
      <Filter>Engine\08.Module\State\DarkestStates</Filter>
    </ClCompile>
    <ClCompile Include="CMonDead.cpp">
      <Filter>Engine\08.Module\State\DarkestStates</Filter>
    </ClCompile>
    <ClCompile Include="CMap.cpp">
      <Filter>Engine\10.DataModel\07.Map</Filter>
    </ClCompile>
    <ClCompile Include="CNode.cpp">
      <Filter>Engine\10.DataModel\07.Map</Filter>
    </ClCompile>
    <ClCompile Include="CPathNode.cpp">
      <Filter>Engine\10.DataModel\07.Map</Filter>
    </ClCompile>
    <ClCompile Include="CRoom.cpp">
      <Filter>Engine\10.DataModel\07.Map</Filter>
    </ClCompile>
    <ClCompile Include="Scene_Path.cpp">
      <Filter>Engine\05.Scene\SceneList\Scene_Path</Filter>
    </ClCompile>
    <ClCompile Include="CBattleTrigger.cpp">
      <Filter>Engine\04.Object\Objects\01.PathObj</Filter>
    </ClCompile>
    <ClCompile Include="CSquadCol.cpp">
      <Filter>Engine\04.Object\Objects\01.PathObj</Filter>
    </ClCompile>
    <ClCompile Include="DroomUI.cpp">
      <Filter>Engine\04.Object\UI\05. MapUI</Filter>
    </ClCompile>
    <ClCompile Include="DpathUI.cpp">
      <Filter>Engine\04.Object\UI\05. MapUI</Filter>
    </ClCompile>
    <ClCompile Include="RoomUIClick.cpp">
      <Filter>Engine\07.Component\03.Command\06. MapCom</Filter>
    </ClCompile>
    <ClCompile Include="CMoveTrigger.cpp">
      <Filter>Engine\04.Object\Objects\01.PathObj</Filter>
    </ClCompile>
    <ClCompile Include="DMapUI.cpp">
      <Filter>Engine\04.Object\UI\05. MapUI</Filter>
    </ClCompile>
    <ClCompile Include="DoorClick.cpp">
      <Filter>Engine\07.Component\03.Command\07. PathCom</Filter>
    </ClCompile>
    <ClCompile Include="HEffectDiv.cpp">
      <Filter>Engine\04.Object\UI\04. DungeonUI</Filter>
    </ClCompile>
    <ClCompile Include="MEffectDiv.cpp">
      <Filter>Engine\04.Object\UI\04. DungeonUI</Filter>
    </ClCompile>
    <ClCompile Include="DamageDiv.cpp">
      <Filter>Engine\04.Object\UI\04. DungeonUI</Filter>
    </ClCompile>
    <ClCompile Include="MonAtEffect.cpp">
      <Filter>Engine\04.Object\UI\04. DungeonUI</Filter>
    </ClCompile>
    <ClCompile Include="CBoneDefender.cpp">
      <Filter>Engine\10.DataModel\02.Monster</Filter>
    </ClCompile>
    <ClCompile Include="CBoneArbalist.cpp">
      <Filter>Engine\10.DataModel\02.Monster</Filter>
    </ClCompile>
    <ClCompile Include="HeroAtEffect.cpp">
      <Filter>Engine\04.Object\UI\04. DungeonUI</Filter>
    </ClCompile>
    <ClCompile Include="CBoneCourtier.cpp">
      <Filter>Engine\10.DataModel\02.Monster</Filter>
    </ClCompile>
    <ClCompile Include="TorchGazeUI.cpp">
      <Filter>Engine\04.Object\UI\06. TorchUI</Filter>
    </ClCompile>
    <ClCompile Include="TorchAnimUI.cpp">
      <Filter>Engine\04.Object\UI\06. TorchUI</Filter>
    </ClCompile>
    <ClCompile Include="TorchCom.cpp">
      <Filter>Engine\07.Component\03.Command\08. TorchCom</Filter>
    </ClCompile>
    <ClCompile Include="CDoctor.cpp">
      <Filter>Engine\10.DataModel\01.Hero</Filter>
    </ClCompile>
    <ClCompile Include="TorchClick.cpp">
      <Filter>Engine\04.Object\UI\06. TorchUI</Filter>
    </ClCompile>
    <ClCompile Include="CWoodS.cpp">
      <Filter>Engine\10.DataModel\02.Monster\01. Boss</Filter>
    </ClCompile>
    <ClCompile Include="CProphet.cpp">
      <Filter>Engine\10.DataModel\02.Monster\01. Boss</Filter>
    </ClCompile>
    <ClCompile Include="CBossTurn.cpp">
      <Filter>Engine\08.Module\State\DarkestStates</Filter>
    </ClCompile>
    <ClCompile Include="CWoodM.cpp">
      <Filter>Engine\10.DataModel\02.Monster\01. Boss</Filter>
    </ClCompile>
    <ClCompile Include="CWoodL.cpp">
      <Filter>Engine\10.DataModel\02.Monster\01. Boss</Filter>
    </ClCompile>
    <ClCompile Include="BuildingEnterCom.cpp">
      <Filter>Engine\07.Component\03.Command\02. TownSceneCom</Filter>
    </ClCompile>
    <ClCompile Include="ForwardBtnEnter.cpp">
      <Filter>Engine\07.Component\03.Command\02. TownSceneCom</Filter>
    </ClCompile>
  </ItemGroup>
  <ItemGroup>
    <ResourceCompile Include="WinGameEngine.rc">
      <Filter>Default</Filter>
    </ResourceCompile>
  </ItemGroup>
  <ItemGroup>
    <None Include="..\Output\bin\content\resource\cursors\cursor.cur" />
  </ItemGroup>
</Project>